// !$*UTF8*$!
{
	archiveVersion = 1;
	classes = {
	};
	objectVersion = 46;
	objects = {

/* Begin PBXBuildFile section */
		52FDDFBB1EF373B700ADCDC0 /* AppDelegate.swift in Sources */ = {isa = PBXBuildFile; fileRef = 52FDDFBA1EF373B700ADCDC0 /* AppDelegate.swift */; };
		52FDDFBD1EF373B700ADCDC0 /* ViewController.swift in Sources */ = {isa = PBXBuildFile; fileRef = 52FDDFBC1EF373B700ADCDC0 /* ViewController.swift */; };
		52FDDFC01EF373B700ADCDC0 /* Main.storyboard in Resources */ = {isa = PBXBuildFile; fileRef = 52FDDFBE1EF373B700ADCDC0 /* Main.storyboard */; };
		52FDDFC21EF373B700ADCDC0 /* Assets.xcassets in Resources */ = {isa = PBXBuildFile; fileRef = 52FDDFC11EF373B700ADCDC0 /* Assets.xcassets */; };
		52FDDFC51EF373B700ADCDC0 /* LaunchScreen.storyboard in Resources */ = {isa = PBXBuildFile; fileRef = 52FDDFC31EF373B700ADCDC0 /* LaunchScreen.storyboard */; };
		52FDDFD01EF373B700ADCDC0 /* MiraclePillsTests.swift in Sources */ = {isa = PBXBuildFile; fileRef = 52FDDFCF1EF373B700ADCDC0 /* MiraclePillsTests.swift */; };
		52FDDFDB1EF373B700ADCDC0 /* MiraclePillsUITests.swift in Sources */ = {isa = PBXBuildFile; fileRef = 52FDDFDA1EF373B700ADCDC0 /* MiraclePillsUITests.swift */; };
/* End PBXBuildFile section */

/* Begin PBXContainerItemProxy section */
		52FDDFCC1EF373B700ADCDC0 /* PBXContainerItemProxy */ = {
			isa = PBXContainerItemProxy;
			containerPortal = 52FDDFAF1EF373B700ADCDC0 /* Project object */;
			proxyType = 1;
			remoteGlobalIDString = 52FDDFB61EF373B700ADCDC0;
			remoteInfo = MiraclePills;
		};
		52FDDFD71EF373B700ADCDC0 /* PBXContainerItemProxy */ = {
			isa = PBXContainerItemProxy;
			containerPortal = 52FDDFAF1EF373B700ADCDC0 /* Project object */;
			proxyType = 1;
			remoteGlobalIDString = 52FDDFB61EF373B700ADCDC0;
			remoteInfo = MiraclePills;
		};
/* End PBXContainerItemProxy section */

/* Begin PBXFileReference section */
		52FDDFB71EF373B700ADCDC0 /* MiraclePills.app */ = {isa = PBXFileReference; explicitFileType = wrapper.application; includeInIndex = 0; path = MiraclePills.app; sourceTree = BUILT_PRODUCTS_DIR; };
		52FDDFBA1EF373B700ADCDC0 /* AppDelegate.swift */ = {isa = PBXFileReference; lastKnownFileType = sourcecode.swift; path = AppDelegate.swift; sourceTree = "<group>"; };
		52FDDFBC1EF373B700ADCDC0 /* ViewController.swift */ = {isa = PBXFileReference; lastKnownFileType = sourcecode.swift; path = ViewController.swift; sourceTree = "<group>"; };
		52FDDFBF1EF373B700ADCDC0 /* Base */ = {isa = PBXFileReference; lastKnownFileType = file.storyboard; name = Base; path = Base.lproj/Main.storyboard; sourceTree = "<group>"; };
		52FDDFC11EF373B700ADCDC0 /* Assets.xcassets */ = {isa = PBXFileReference; lastKnownFileType = folder.assetcatalog; path = Assets.xcassets; sourceTree = "<group>"; };
		52FDDFC41EF373B700ADCDC0 /* Base */ = {isa = PBXFileReference; lastKnownFileType = file.storyboard; name = Base; path = Base.lproj/LaunchScreen.storyboard; sourceTree = "<group>"; };
		52FDDFC61EF373B700ADCDC0 /* Info.plist */ = {isa = PBXFileReference; lastKnownFileType = text.plist.xml; path = Info.plist; sourceTree = "<group>"; };
		52FDDFCB1EF373B700ADCDC0 /* MiraclePillsTests.xctest */ = {isa = PBXFileReference; explicitFileType = wrapper.cfbundle; includeInIndex = 0; path = MiraclePillsTests.xctest; sourceTree = BUILT_PRODUCTS_DIR; };
		52FDDFCF1EF373B700ADCDC0 /* MiraclePillsTests.swift */ = {isa = PBXFileReference; lastKnownFileType = sourcecode.swift; path = MiraclePillsTests.swift; sourceTree = "<group>"; };
		52FDDFD11EF373B700ADCDC0 /* Info.plist */ = {isa = PBXFileReference; lastKnownFileType = text.plist.xml; path = Info.plist; sourceTree = "<group>"; };
		52FDDFD61EF373B700ADCDC0 /* MiraclePillsUITests.xctest */ = {isa = PBXFileReference; explicitFileType = wrapper.cfbundle; includeInIndex = 0; path = MiraclePillsUITests.xctest; sourceTree = BUILT_PRODUCTS_DIR; };
		52FDDFDA1EF373B700ADCDC0 /* MiraclePillsUITests.swift */ = {isa = PBXFileReference; lastKnownFileType = sourcecode.swift; path = MiraclePillsUITests.swift; sourceTree = "<group>"; };
		52FDDFDC1EF373B700ADCDC0 /* Info.plist */ = {isa = PBXFileReference; lastKnownFileType = text.plist.xml; path = Info.plist; sourceTree = "<group>"; };
/* End PBXFileReference section */

/* Begin PBXFrameworksBuildPhase section */
		52FDDFB41EF373B700ADCDC0 /* Frameworks */ = {
			isa = PBXFrameworksBuildPhase;
			buildActionMask = 2147483647;
			files = (
			);
			runOnlyForDeploymentPostprocessing = 0;
		};
		52FDDFC81EF373B700ADCDC0 /* Frameworks */ = {
			isa = PBXFrameworksBuildPhase;
			buildActionMask = 2147483647;
			files = (
			);
			runOnlyForDeploymentPostprocessing = 0;
		};
		52FDDFD31EF373B700ADCDC0 /* Frameworks */ = {
			isa = PBXFrameworksBuildPhase;
			buildActionMask = 2147483647;
			files = (
			);
			runOnlyForDeploymentPostprocessing = 0;
		};
/* End PBXFrameworksBuildPhase section */

/* Begin PBXGroup section */
		52FDDFAE1EF373B700ADCDC0 = {
			isa = PBXGroup;
			children = (
				52FDDFB91EF373B700ADCDC0 /* MiraclePills */,
				52FDDFCE1EF373B700ADCDC0 /* MiraclePillsTests */,
				52FDDFD91EF373B700ADCDC0 /* MiraclePillsUITests */,
				52FDDFB81EF373B700ADCDC0 /* Products */,
			);
			sourceTree = "<group>";
		};
		52FDDFB81EF373B700ADCDC0 /* Products */ = {
			isa = PBXGroup;
			children = (
				52FDDFB71EF373B700ADCDC0 /* MiraclePills.app */,
				52FDDFCB1EF373B700ADCDC0 /* MiraclePillsTests.xctest */,
				52FDDFD61EF373B700ADCDC0 /* MiraclePillsUITests.xctest */,
			);
			name = Products;
			sourceTree = "<group>";
		};
		52FDDFB91EF373B700ADCDC0 /* MiraclePills */ = {
			isa = PBXGroup;
			children = (
				52FDDFBA1EF373B700ADCDC0 /* AppDelegate.swift */,
				52FDDFBC1EF373B700ADCDC0 /* ViewController.swift */,
				52FDDFBE1EF373B700ADCDC0 /* Main.storyboard */,
				52FDDFC11EF373B700ADCDC0 /* Assets.xcassets */,
				52FDDFC31EF373B700ADCDC0 /* LaunchScreen.storyboard */,
				52FDDFC61EF373B700ADCDC0 /* Info.plist */,
			);
			path = MiraclePills;
			sourceTree = "<group>";
		};
		52FDDFCE1EF373B700ADCDC0 /* MiraclePillsTests */ = {
			isa = PBXGroup;
			children = (
				52FDDFCF1EF373B700ADCDC0 /* MiraclePillsTests.swift */,
				52FDDFD11EF373B700ADCDC0 /* Info.plist */,
			);
			path = MiraclePillsTests;
			sourceTree = "<group>";
		};
		52FDDFD91EF373B700ADCDC0 /* MiraclePillsUITests */ = {
			isa = PBXGroup;
			children = (
				52FDDFDA1EF373B700ADCDC0 /* MiraclePillsUITests.swift */,
				52FDDFDC1EF373B700ADCDC0 /* Info.plist */,
			);
			path = MiraclePillsUITests;
			sourceTree = "<group>";
		};
/* End PBXGroup section */

/* Begin PBXNativeTarget section */
		52FDDFB61EF373B700ADCDC0 /* MiraclePills */ = {
			isa = PBXNativeTarget;
			buildConfigurationList = 52FDDFDF1EF373B700ADCDC0 /* Build configuration list for PBXNativeTarget "MiraclePills" */;
			buildPhases = (
				52FDDFB31EF373B700ADCDC0 /* Sources */,
				52FDDFB41EF373B700ADCDC0 /* Frameworks */,
				52FDDFB51EF373B700ADCDC0 /* Resources */,
			);
			buildRules = (
			);
			dependencies = (
			);
			name = MiraclePills;
			productName = MiraclePills;
			productReference = 52FDDFB71EF373B700ADCDC0 /* MiraclePills.app */;
			productType = "com.apple.product-type.application";
		};
		52FDDFCA1EF373B700ADCDC0 /* MiraclePillsTests */ = {
			isa = PBXNativeTarget;
			buildConfigurationList = 52FDDFE21EF373B700ADCDC0 /* Build configuration list for PBXNativeTarget "MiraclePillsTests" */;
			buildPhases = (
				52FDDFC71EF373B700ADCDC0 /* Sources */,
				52FDDFC81EF373B700ADCDC0 /* Frameworks */,
				52FDDFC91EF373B700ADCDC0 /* Resources */,
			);
			buildRules = (
			);
			dependencies = (
				52FDDFCD1EF373B700ADCDC0 /* PBXTargetDependency */,
			);
			name = MiraclePillsTests;
			productName = MiraclePillsTests;
			productReference = 52FDDFCB1EF373B700ADCDC0 /* MiraclePillsTests.xctest */;
			productType = "com.apple.product-type.bundle.unit-test";
		};
		52FDDFD51EF373B700ADCDC0 /* MiraclePillsUITests */ = {
			isa = PBXNativeTarget;
			buildConfigurationList = 52FDDFE51EF373B700ADCDC0 /* Build configuration list for PBXNativeTarget "MiraclePillsUITests" */;
			buildPhases = (
				52FDDFD21EF373B700ADCDC0 /* Sources */,
				52FDDFD31EF373B700ADCDC0 /* Frameworks */,
				52FDDFD41EF373B700ADCDC0 /* Resources */,
			);
			buildRules = (
			);
			dependencies = (
				52FDDFD81EF373B700ADCDC0 /* PBXTargetDependency */,
			);
			name = MiraclePillsUITests;
			productName = MiraclePillsUITests;
			productReference = 52FDDFD61EF373B700ADCDC0 /* MiraclePillsUITests.xctest */;
			productType = "com.apple.product-type.bundle.ui-testing";
		};
/* End PBXNativeTarget section */

/* Begin PBXProject section */
		52FDDFAF1EF373B700ADCDC0 /* Project object */ = {
			isa = PBXProject;
			attributes = {
				LastSwiftUpdateCheck = 0830;
				LastUpgradeCheck = 0830;
				ORGANIZATIONNAME = "Raushan Sinha";
				TargetAttributes = {
					52FDDFB61EF373B700ADCDC0 = {
						CreatedOnToolsVersion = 8.3.3;
						DevelopmentTeam = J9RGPSH4EY;
						ProvisioningStyle = Automatic;
					};
					52FDDFCA1EF373B700ADCDC0 = {
						CreatedOnToolsVersion = 8.3.3;
						DevelopmentTeam = J9RGPSH4EY;
						ProvisioningStyle = Automatic;
						TestTargetID = 52FDDFB61EF373B700ADCDC0;
					};
					52FDDFD51EF373B700ADCDC0 = {
						CreatedOnToolsVersion = 8.3.3;
						DevelopmentTeam = J9RGPSH4EY;
						ProvisioningStyle = Automatic;
						TestTargetID = 52FDDFB61EF373B700ADCDC0;
					};
				};
			};
			buildConfigurationList = 52FDDFB21EF373B700ADCDC0 /* Build configuration list for PBXProject "MiraclePills" */;
			compatibilityVersion = "Xcode 3.2";
			developmentRegion = English;
			hasScannedForEncodings = 0;
			knownRegions = (
				en,
				Base,
			);
			mainGroup = 52FDDFAE1EF373B700ADCDC0;
			productRefGroup = 52FDDFB81EF373B700ADCDC0 /* Products */;
			projectDirPath = "";
			projectRoot = "";
			targets = (
				52FDDFB61EF373B700ADCDC0 /* MiraclePills */,
				52FDDFCA1EF373B700ADCDC0 /* MiraclePillsTests */,
				52FDDFD51EF373B700ADCDC0 /* MiraclePillsUITests */,
			);
		};
/* End PBXProject section */

/* Begin PBXResourcesBuildPhase section */
		52FDDFB51EF373B700ADCDC0 /* Resources */ = {
			isa = PBXResourcesBuildPhase;
			buildActionMask = 2147483647;
			files = (
				52FDDFC51EF373B700ADCDC0 /* LaunchScreen.storyboard in Resources */,
				52FDDFC21EF373B700ADCDC0 /* Assets.xcassets in Resources */,
				52FDDFC01EF373B700ADCDC0 /* Main.storyboard in Resources */,
			);
			runOnlyForDeploymentPostprocessing = 0;
		};
		52FDDFC91EF373B700ADCDC0 /* Resources */ = {
			isa = PBXResourcesBuildPhase;
			buildActionMask = 2147483647;
			files = (
			);
			runOnlyForDeploymentPostprocessing = 0;
		};
		52FDDFD41EF373B700ADCDC0 /* Resources */ = {
			isa = PBXResourcesBuildPhase;
			buildActionMask = 2147483647;
			files = (
			);
			runOnlyForDeploymentPostprocessing = 0;
		};
/* End PBXResourcesBuildPhase section */

/* Begin PBXSourcesBuildPhase section */
		52FDDFB31EF373B700ADCDC0 /* Sources */ = {
			isa = PBXSourcesBuildPhase;
			buildActionMask = 2147483647;
			files = (
				52FDDFBD1EF373B700ADCDC0 /* ViewController.swift in Sources */,
				52FDDFBB1EF373B700ADCDC0 /* AppDelegate.swift in Sources */,
			);
			runOnlyForDeploymentPostprocessing = 0;
		};
		52FDDFC71EF373B700ADCDC0 /* Sources */ = {
			isa = PBXSourcesBuildPhase;
			buildActionMask = 2147483647;
			files = (
				52FDDFD01EF373B700ADCDC0 /* MiraclePillsTests.swift in Sources */,
			);
			runOnlyForDeploymentPostprocessing = 0;
		};
		52FDDFD21EF373B700ADCDC0 /* Sources */ = {
			isa = PBXSourcesBuildPhase;
			buildActionMask = 2147483647;
			files = (
				52FDDFDB1EF373B700ADCDC0 /* MiraclePillsUITests.swift in Sources */,
			);
			runOnlyForDeploymentPostprocessing = 0;
		};
/* End PBXSourcesBuildPhase section */

/* Begin PBXTargetDependency section */
		52FDDFCD1EF373B700ADCDC0 /* PBXTargetDependency */ = {
			isa = PBXTargetDependency;
			target = 52FDDFB61EF373B700ADCDC0 /* MiraclePills */;
			targetProxy = 52FDDFCC1EF373B700ADCDC0 /* PBXContainerItemProxy */;
		};
		52FDDFD81EF373B700ADCDC0 /* PBXTargetDependency */ = {
			isa = PBXTargetDependency;
			target = 52FDDFB61EF373B700ADCDC0 /* MiraclePills */;
			targetProxy = 52FDDFD71EF373B700ADCDC0 /* PBXContainerItemProxy */;
		};
/* End PBXTargetDependency section */

/* Begin PBXVariantGroup section */
		52FDDFBE1EF373B700ADCDC0 /* Main.storyboard */ = {
			isa = PBXVariantGroup;
			children = (
				52FDDFBF1EF373B700ADCDC0 /* Base */,
			);
			name = Main.storyboard;
			sourceTree = "<group>";
		};
		52FDDFC31EF373B700ADCDC0 /* LaunchScreen.storyboard */ = {
			isa = PBXVariantGroup;
			children = (
				52FDDFC41EF373B700ADCDC0 /* Base */,
			);
			name = LaunchScreen.storyboard;
			sourceTree = "<group>";
		};
/* End PBXVariantGroup section */

/* Begin XCBuildConfiguration section */
		52FDDFDD1EF373B700ADCDC0 /* Debug */ = {
			isa = XCBuildConfiguration;
			buildSettings = {
				ALWAYS_SEARCH_USER_PATHS = NO;
				CLANG_ANALYZER_NONNULL = YES;
				CLANG_ANALYZER_NUMBER_OBJECT_CONVERSION = YES_AGGRESSIVE;
				CLANG_CXX_LANGUAGE_STANDARD = "gnu++0x";
				CLANG_CXX_LIBRARY = "libc++";
				CLANG_ENABLE_MODULES = YES;
				CLANG_ENABLE_OBJC_ARC = YES;
				CLANG_WARN_BOOL_CONVERSION = YES;
				CLANG_WARN_CONSTANT_CONVERSION = YES;
				CLANG_WARN_DIRECT_OBJC_ISA_USAGE = YES_ERROR;
				CLANG_WARN_DOCUMENTATION_COMMENTS = YES;
				CLANG_WARN_EMPTY_BODY = YES;
				CLANG_WARN_ENUM_CONVERSION = YES;
				CLANG_WARN_INFINITE_RECURSION = YES;
				CLANG_WARN_INT_CONVERSION = YES;
				CLANG_WARN_OBJC_ROOT_CLASS = YES_ERROR;
				CLANG_WARN_SUSPICIOUS_MOVE = YES;
				CLANG_WARN_UNREACHABLE_CODE = YES;
				CLANG_WARN__DUPLICATE_METHOD_MATCH = YES;
				"CODE_SIGN_IDENTITY[sdk=iphoneos*]" = "iPhone Developer";
				COPY_PHASE_STRIP = NO;
				DEBUG_INFORMATION_FORMAT = dwarf;
				ENABLE_STRICT_OBJC_MSGSEND = YES;
				ENABLE_TESTABILITY = YES;
				GCC_C_LANGUAGE_STANDARD = gnu99;
				GCC_DYNAMIC_NO_PIC = NO;
				GCC_NO_COMMON_BLOCKS = YES;
				GCC_OPTIMIZATION_LEVEL = 0;
				GCC_PREPROCESSOR_DEFINITIONS = (
					"DEBUG=1",
					"$(inherited)",
				);
				GCC_WARN_64_TO_32_BIT_CONVERSION = YES;
				GCC_WARN_ABOUT_RETURN_TYPE = YES_ERROR;
				GCC_WARN_UNDECLARED_SELECTOR = YES;
				GCC_WARN_UNINITIALIZED_AUTOS = YES_AGGRESSIVE;
				GCC_WARN_UNUSED_FUNCTION = YES;
				GCC_WARN_UNUSED_VARIABLE = YES;
				IPHONEOS_DEPLOYMENT_TARGET = 10.3;
				MTL_ENABLE_DEBUG_INFO = YES;
				ONLY_ACTIVE_ARCH = YES;
				SDKROOT = iphoneos;
				SWIFT_ACTIVE_COMPILATION_CONDITIONS = DEBUG;
				SWIFT_OPTIMIZATION_LEVEL = "-Onone";
				TARGETED_DEVICE_FAMILY = "1,2";
			};
			name = Debug;
		};
		52FDDFDE1EF373B700ADCDC0 /* Release */ = {
			isa = XCBuildConfiguration;
			buildSettings = {
				ALWAYS_SEARCH_USER_PATHS = NO;
				CLANG_ANALYZER_NONNULL = YES;
				CLANG_ANALYZER_NUMBER_OBJECT_CONVERSION = YES_AGGRESSIVE;
				CLANG_CXX_LANGUAGE_STANDARD = "gnu++0x";
				CLANG_CXX_LIBRARY = "libc++";
				CLANG_ENABLE_MODULES = YES;
				CLANG_ENABLE_OBJC_ARC = YES;
				CLANG_WARN_BOOL_CONVERSION = YES;
				CLANG_WARN_CONSTANT_CONVERSION = YES;
				CLANG_WARN_DIRECT_OBJC_ISA_USAGE = YES_ERROR;
				CLANG_WARN_DOCUMENTATION_COMMENTS = YES;
				CLANG_WARN_EMPTY_BODY = YES;
				CLANG_WARN_ENUM_CONVERSION = YES;
				CLANG_WARN_INFINITE_RECURSION = YES;
				CLANG_WARN_INT_CONVERSION = YES;
				CLANG_WARN_OBJC_ROOT_CLASS = YES_ERROR;
				CLANG_WARN_SUSPICIOUS_MOVE = YES;
				CLANG_WARN_UNREACHABLE_CODE = YES;
				CLANG_WARN__DUPLICATE_METHOD_MATCH = YES;
				"CODE_SIGN_IDENTITY[sdk=iphoneos*]" = "iPhone Developer";
				COPY_PHASE_STRIP = NO;
				DEBUG_INFORMATION_FORMAT = "dwarf-with-dsym";
				ENABLE_NS_ASSERTIONS = NO;
				ENABLE_STRICT_OBJC_MSGSEND = YES;
				GCC_C_LANGUAGE_STANDARD = gnu99;
				GCC_NO_COMMON_BLOCKS = YES;
				GCC_WARN_64_TO_32_BIT_CONVERSION = YES;
				GCC_WARN_ABOUT_RETURN_TYPE = YES_ERROR;
				GCC_WARN_UNDECLARED_SELECTOR = YES;
				GCC_WARN_UNINITIALIZED_AUTOS = YES_AGGRESSIVE;
				GCC_WARN_UNUSED_FUNCTION = YES;
				GCC_WARN_UNUSED_VARIABLE = YES;
				IPHONEOS_DEPLOYMENT_TARGET = 10.3;
				MTL_ENABLE_DEBUG_INFO = NO;
				SDKROOT = iphoneos;
				SWIFT_OPTIMIZATION_LEVEL = "-Owholemodule";
				TARGETED_DEVICE_FAMILY = "1,2";
				VALIDATE_PRODUCT = YES;
			};
			name = Release;
		};
		52FDDFE01EF373B700ADCDC0 /* Debug */ = {
			isa = XCBuildConfiguration;
			buildSettings = {
				ASSETCATALOG_COMPILER_APPICON_NAME = AppIcon;
				DEVELOPMENT_TEAM = J9RGPSH4EY;
				INFOPLIST_FILE = MiraclePills/Info.plist;
				LD_RUNPATH_SEARCH_PATHS = "$(inherited) @executable_path/Frameworks";
				PRODUCT_BUNDLE_IDENTIFIER = com.raushansinha.MiraclePills;
				PRODUCT_NAME = "$(TARGET_NAME)";
				SWIFT_VERSION = 3.0;
			};
			name = Debug;
		};
		52FDDFE11EF373B700ADCDC0 /* Release */ = {
			isa = XCBuildConfiguration;
			buildSettings = {
				ASSETCATALOG_COMPILER_APPICON_NAME = AppIcon;
				DEVELOPMENT_TEAM = J9RGPSH4EY;
				INFOPLIST_FILE = MiraclePills/Info.plist;
				LD_RUNPATH_SEARCH_PATHS = "$(inherited) @executable_path/Frameworks";
				PRODUCT_BUNDLE_IDENTIFIER = com.raushansinha.MiraclePills;
				PRODUCT_NAME = "$(TARGET_NAME)";
				SWIFT_VERSION = 3.0;
			};
			name = Release;
		};
		52FDDFE31EF373B700ADCDC0 /* Debug */ = {
			isa = XCBuildConfiguration;
			buildSettings = {
				ALWAYS_EMBED_SWIFT_STANDARD_LIBRARIES = YES;
				BUNDLE_LOADER = "$(TEST_HOST)";
				DEVELOPMENT_TEAM = J9RGPSH4EY;
				INFOPLIST_FILE = MiraclePillsTests/Info.plist;
				LD_RUNPATH_SEARCH_PATHS = "$(inherited) @executable_path/Frameworks @loader_path/Frameworks";
				PRODUCT_BUNDLE_IDENTIFIER = com.raushansinha.MiraclePillsTests;
				PRODUCT_NAME = "$(TARGET_NAME)";
				SWIFT_VERSION = 3.0;
				TEST_HOST = "$(BUILT_PRODUCTS_DIR)/MiraclePills.app/MiraclePills";
			};
			name = Debug;
		};
		52FDDFE41EF373B700ADCDC0 /* Release */ = {
			isa = XCBuildConfiguration;
			buildSettings = {
				ALWAYS_EMBED_SWIFT_STANDARD_LIBRARIES = YES;
				BUNDLE_LOADER = "$(TEST_HOST)";
				DEVELOPMENT_TEAM = J9RGPSH4EY;
				INFOPLIST_FILE = MiraclePillsTests/Info.plist;
				LD_RUNPATH_SEARCH_PATHS = "$(inherited) @executable_path/Frameworks @loader_path/Frameworks";
				PRODUCT_BUNDLE_IDENTIFIER = com.raushansinha.MiraclePillsTests;
				PRODUCT_NAME = "$(TARGET_NAME)";
				SWIFT_VERSION = 3.0;
				TEST_HOST = "$(BUILT_PRODUCTS_DIR)/MiraclePills.app/MiraclePills";
			};
			name = Release;
		};
		52FDDFE61EF373B700ADCDC0 /* Debug */ = {
			isa = XCBuildConfiguration;
			buildSettings = {
				ALWAYS_EMBED_SWIFT_STANDARD_LIBRARIES = YES;
				DEVELOPMENT_TEAM = J9RGPSH4EY;
				INFOPLIST_FILE = MiraclePillsUITests/Info.plist;
				LD_RUNPATH_SEARCH_PATHS = "$(inherited) @executable_path/Frameworks @loader_path/Frameworks";
				PRODUCT_BUNDLE_IDENTIFIER = com.raushansinha.MiraclePillsUITests;
				PRODUCT_NAME = "$(TARGET_NAME)";
				SWIFT_VERSION = 3.0;
				TEST_TARGET_NAME = MiraclePills;
			};
			name = Debug;
		};
		52FDDFE71EF373B700ADCDC0 /* Release */ = {
			isa = XCBuildConfiguration;
			buildSettings = {
				ALWAYS_EMBED_SWIFT_STANDARD_LIBRARIES = YES;
				DEVELOPMENT_TEAM = J9RGPSH4EY;
				INFOPLIST_FILE = MiraclePillsUITests/Info.plist;
				LD_RUNPATH_SEARCH_PATHS = "$(inherited) @executable_path/Frameworks @loader_path/Frameworks";
				PRODUCT_BUNDLE_IDENTIFIER = com.raushansinha.MiraclePillsUITests;
				PRODUCT_NAME = "$(TARGET_NAME)";
				SWIFT_VERSION = 3.0;
				TEST_TARGET_NAME = MiraclePills;
			};
			name = Release;
		};
/* End XCBuildConfiguration section */

/* Begin XCConfigurationList section */
		52FDDFB21EF373B700ADCDC0 /* Build configuration list for PBXProject "MiraclePills" */ = {
			isa = XCConfigurationList;
			buildConfigurations = (
				52FDDFDD1EF373B700ADCDC0 /* Debug */,
				52FDDFDE1EF373B700ADCDC0 /* Release */,
			);
			defaultConfigurationIsVisible = 0;
			defaultConfigurationName = Release;
		};
		52FDDFDF1EF373B700ADCDC0 /* Build configuration list for PBXNativeTarget "MiraclePills" */ = {
			isa = XCConfigurationList;
			buildConfigurations = (
				52FDDFE01EF373B700ADCDC0 /* Debug */,
				52FDDFE11EF373B700ADCDC0 /* Release */,
			);
			defaultConfigurationIsVisible = 0;
		};
		52FDDFE21EF373B700ADCDC0 /* Build configuration list for PBXNativeTarget "MiraclePillsTests" */ = {
			isa = XCConfigurationList;
			buildConfigurations = (
				52FDDFE31EF373B700ADCDC0 /* Debug */,
				52FDDFE41EF373B700ADCDC0 /* Release */,
			);
			defaultConfigurationIsVisible = 0;
		};
		52FDDFE51EF373B700ADCDC0 /* Build configuration list for PBXNativeTarget "MiraclePillsUITests" */ = {
			isa = XCConfigurationList;
			buildConfigurations = (
				52FDDFE61EF373B700ADCDC0 /* Debug */,
				52FDDFE71EF373B700ADCDC0 /* Release */,
			);
			defaultConfigurationIsVisible = 0;
		};
/* End XCConfigurationList section */
	};
	rootObject = 52FDDFAF1EF373B700ADCDC0 /* Project object */;
}
